
Microsoft Visual Studio Solution File, Format Version 12.00
# Visual Studio Version 17
VisualStudioVersion = 17.9.34622.214
MinimumVisualStudioVersion = 10.0.40219.1
Project("{FAE04EC0-301F-11D3-BF4B-00C04F79EFBC}") = "AppVisioLens", "AppVisioLens.csproj", "{78B56E2D-A7D0-4736-BA0D-B333CFCCB486}"
EndProject
Global
	GlobalSection(SolutionConfigurationPlatforms) = preSolution
		Debug|Any CPU = Debug|Any CPU
		Release|Any CPU = Release|Any CPU
	EndGlobalSection
	GlobalSection(ProjectConfigurationPlatforms) = postSolution
		{78B56E2D-A7D0-4736-BA0D-B333CFCCB486}.Debug|Any CPU.ActiveCfg = Debug|Any CPU
		{78B56E2D-A7D0-4736-BA0D-B333CFCCB486}.Debug|Any CPU.Build.0 = Debug|Any CPU
		{78B56E2D-A7D0-4736-BA0D-B333CFCCB486}.Release|Any CPU.ActiveCfg = Release|Any CPU
		{78B56E2D-A7D0-4736-BA0D-B333CFCCB486}.Release|Any CPU.Build.0 = Release|Any CPU
	EndGlobalSection
	GlobalSection(SolutionProperties) = preSolution
		HideSolutionNode = FALSE
	EndGlobalSection
	GlobalSection(ExtensibilityGlobals) = postSolution
		SolutionGuid = {61FAC4B3-DD26-498B-B4B2-7E08F36AAB04}
	EndGlobalSection
EndGlobal
